
Microsoft Visual Studio Solution File, Format Version 12.00
# Visual Studio 15
VisualStudioVersion = 15.0.27130.2027
MinimumVisualStudioVersion = 10.0.40219.1
Project("{9A19103F-16F7-4668-BE54-9A1E7A4F7556}") = "BRRF.IdentityServer.Repository", "BRRF.IdentityServer.Repository\BRRF.IdentityServer.Repository.csproj", "{AB83F911-8B78-4973-A3A9-2A2D85581F25}"
EndProject
Project("{9A19103F-16F7-4668-BE54-9A1E7A4F7556}") = "BRRF.IdentityServer", "BRRF.IdentityServer\BRRF.IdentityServer.csproj", "{9E9EE58E-4B98-4495-8E8B-00281B3EABDA}"
EndProject
Global
	GlobalSection(SolutionConfigurationPlatforms) = preSolution
		Debug|Any CPU = Debug|Any CPU
		Release|Any CPU = Release|Any CPU
	EndGlobalSection
	GlobalSection(ProjectConfigurationPlatforms) = postSolution
		{AB83F911-8B78-4973-A3A9-2A2D85581F25}.Debug|Any CPU.ActiveCfg = Debug|Any CPU
		{AB83F911-8B78-4973-A3A9-2A2D85581F25}.Debug|Any CPU.Build.0 = Debug|Any CPU
		{AB83F911-8B78-4973-A3A9-2A2D85581F25}.Release|Any CPU.ActiveCfg = Release|Any CPU
		{AB83F911-8B78-4973-A3A9-2A2D85581F25}.Release|Any CPU.Build.0 = Release|Any CPU
		{9E9EE58E-4B98-4495-8E8B-00281B3EABDA}.Debug|Any CPU.ActiveCfg = Debug|Any CPU
		{9E9EE58E-4B98-4495-8E8B-00281B3EABDA}.Debug|Any CPU.Build.0 = Debug|Any CPU
		{9E9EE58E-4B98-4495-8E8B-00281B3EABDA}.Release|Any CPU.ActiveCfg = Release|Any CPU
		{9E9EE58E-4B98-4495-8E8B-00281B3EABDA}.Release|Any CPU.Build.0 = Release|Any CPU
	EndGlobalSection
	GlobalSection(SolutionProperties) = preSolution
		HideSolutionNode = FALSE
	EndGlobalSection
	GlobalSection(ExtensibilityGlobals) = postSolution
		SolutionGuid = {A023D63E-FDD1-4984-9746-45981BCFBACA}
	EndGlobalSection
EndGlobal
